
Microsoft Visual Studio Solution File, Format Version 12.00
# Visual Studio 2012
Project("{FAE04EC0-301F-11D3-BF4B-00C04F79EFBC}") = "uart_gui", "uart_gui\uart_gui.csproj", "{12469FC6-3791-413B-90BC-BF38ECB8769E}"
EndProject
Global
	GlobalSection(SolutionConfigurationPlatforms) = preSolution
		Debug|Any CPU = Debug|Any CPU
		Release|Any CPU = Release|Any CPU
	EndGlobalSection
	GlobalSection(ProjectConfigurationPlatforms) = postSolution
		{12469FC6-3791-413B-90BC-BF38ECB8769E}.Debug|Any CPU.ActiveCfg = Debug|Any CPU
		{12469FC6-3791-413B-90BC-BF38ECB8769E}.Debug|Any CPU.Build.0 = Debug|Any CPU
		{12469FC6-3791-413B-90BC-BF38ECB8769E}.Release|Any CPU.ActiveCfg = Release|Any CPU
		{12469FC6-3791-413B-90BC-BF38ECB8769E}.Release|Any CPU.Build.0 = Release|Any CPU
	EndGlobalSection
	GlobalSection(SolutionProperties) = preSolution
		HideSolutionNode = FALSE
	EndGlobalSection
EndGlobal
